// !$*UTF8*$!
{archiveVersion = 1; classes = {}; objectVersion = 56; objects = {
124ACEF8E02E61D6F5EF40B9 = {isa = PBXFileReference; lastKnownFileType = folder.assetcatalog; path = "ColoringSheets/Assets.xcassets"; sourceTree = SOURCE_ROOT;};
4797CFFC18656521A4816F89 = {isa = PBXBuildFile; fileRef = 124ACEF8E02E61D6F5EF40B9;};
AC1DA45BD55B6609C6C2EB58 = {isa = PBXResourcesBuildPhase; buildActionMask = 2147483647; files = (4797CFFC18656521A4816F89,); runOnlyForDeploymentPostprocessing = 0;};
E73A45605D2478280B988BDF = {isa = PBXFileReference; lastKnownFileType = sourcecode.swift; path = "ColoringSheets/ColoringSheetsApp.swift"; sourceTree = SOURCE_ROOT;};
4C8469AF6033054DA96F60F5 = {isa = PBXBuildFile; fileRef = E73A45605D2478280B988BDF;};
30818E5BF8D57D0606E2B873 = {isa = PBXFileReference; lastKnownFileType = sourcecode.swift; path = "ColoringSheets/Core/Access.swift"; sourceTree = SOURCE_ROOT;};
57F3D37F009DEA7734C2ADCD = {isa = PBXBuildFile; fileRef = 30818E5BF8D57D0606E2B873;};
07474CE30051E30149A5BD88 = {isa = PBXFileReference; lastKnownFileType = sourcecode.swift; path = "ColoringSheets/Core/AnonymousIdentity.swift"; sourceTree = SOURCE_ROOT;};
7F66144D149B6D5216964892 = {isa = PBXBuildFile; fileRef = 07474CE30051E30149A5BD88;};
C8A1BE42B68EE23C74368C87 = {isa = PBXFileReference; lastKnownFileType = sourcecode.swift; path = "ColoringSheets/Core/AppConfiguration.swift"; sourceTree = SOURCE_ROOT;};
8E5AB6EAEF8748830116B4A4 = {isa = PBXBuildFile; fileRef = C8A1BE42B68EE23C74368C87;};
AE64419EB4B7810F5BC41327 = {isa = PBXFileReference; lastKnownFileType = sourcecode.swift; path = "ColoringSheets/Core/ColoringViewModel.swift"; sourceTree = SOURCE_ROOT;};
4745AF3D8D1D68BAE70D2665 = {isa = PBXBuildFile; fileRef = AE64419EB4B7810F5BC41327;};
9FCEC97A66D3402FBD8B7C66 = {isa = PBXFileReference; lastKnownFileType = sourcecode.swift; path = "ColoringSheets/Core/Generation.swift"; sourceTree = SOURCE_ROOT;};
34F0050865CE96C18861E04F = {isa = PBXBuildFile; fileRef = 9FCEC97A66D3402FBD8B7C66;};
190CFE358EB9D73705D232A4 = {isa = PBXFileReference; lastKnownFileType = sourcecode.swift; path = "ColoringSheets/Core/MockGenerator.swift"; sourceTree = SOURCE_ROOT;};
4D085280A87298AE25608935 = {isa = PBXBuildFile; fileRef = 190CFE358EB9D73705D232A4;};
AE93CC12396D861716D0D4C9 = {isa = PBXFileReference; lastKnownFileType = sourcecode.swift; path = "ColoringSheets/Views/ContentView.swift"; sourceTree = SOURCE_ROOT;};
A887B9AC13D7ABBB1D59C167 = {isa = PBXBuildFile; fileRef = AE93CC12396D861716D0D4C9;};
E130DB2C8A00C95281CE1782 = {isa = PBXFileReference; lastKnownFileType = sourcecode.swift; path = "ColoringSheets/Views/ExportViews.swift"; sourceTree = SOURCE_ROOT;};
705AFE98613B3145D65E689F = {isa = PBXBuildFile; fileRef = E130DB2C8A00C95281CE1782;};
FC4A695F02A8A53A129DCB9A = {isa = PBXGroup; name = App; children = (E73A45605D2478280B988BDF, 30818E5BF8D57D0606E2B873, 07474CE30051E30149A5BD88, C8A1BE42B68EE23C74368C87, AE64419EB4B7810F5BC41327, 9FCEC97A66D3402FBD8B7C66, 190CFE358EB9D73705D232A4, AE93CC12396D861716D0D4C9, E130DB2C8A00C95281CE1782, 124ACEF8E02E61D6F5EF40B9,); sourceTree = "<group>";};
04D687DD49DEA6F33518F80D = {isa = PBXSourcesBuildPhase; buildActionMask = 2147483647; files = (4C8469AF6033054DA96F60F5, 57F3D37F009DEA7734C2ADCD, 7F66144D149B6D5216964892, 8E5AB6EAEF8748830116B4A4, 4745AF3D8D1D68BAE70D2665, 34F0050865CE96C18861E04F, 4D085280A87298AE25608935, A887B9AC13D7ABBB1D59C167, 705AFE98613B3145D65E689F,); runOnlyForDeploymentPostprocessing = 0;};
A0AD59174D4042554A2F0EA9 = {isa = PBXFileReference; lastKnownFileType = sourcecode.swift; path = "ColoringSheetsTests/GenerationTests.swift"; sourceTree = SOURCE_ROOT;};
14707FD167A7E3150897B7F0 = {isa = PBXBuildFile; fileRef = A0AD59174D4042554A2F0EA9;};
36AAA570CFE4A619ADEB2F92 = {isa = PBXFileReference; lastKnownFileType = sourcecode.swift; path = "ColoringSheetsTests/LiveIntegrationTests.swift"; sourceTree = SOURCE_ROOT;};
541622F42BA1EDDA4E7F8A5A = {isa = PBXBuildFile; fileRef = 36AAA570CFE4A619ADEB2F92;};
39FDEC1194D94212B871A28B = {isa = PBXGroup; name = Tests; children = (A0AD59174D4042554A2F0EA9, 36AAA570CFE4A619ADEB2F92,); sourceTree = "<group>";};
2251F79CE8CE79DDA18CF73E = {isa = PBXSourcesBuildPhase; buildActionMask = 2147483647; files = (14707FD167A7E3150897B7F0, 541622F42BA1EDDA4E7F8A5A,); runOnlyForDeploymentPostprocessing = 0;};
8BCD5BC4CDFDF0918087C782 = {isa = PBXFileReference; explicitFileType = wrapper.application; path = ColoringSheets.app; sourceTree = BUILT_PRODUCTS_DIR;};
F219C0274590DA45E4BEF1EA = {isa = PBXFileReference; explicitFileType = wrapper.cfbundle; path = ColoringSheetsTests.xctest; sourceTree = BUILT_PRODUCTS_DIR;};
FBDC4F23F93125BBEEAE800C = {isa = PBXGroup; name = Products; children = (8BCD5BC4CDFDF0918087C782, F219C0274590DA45E4BEF1EA,); sourceTree = "<group>";};
55618DC462BE5B86D1D74772 = {isa = PBXFileReference; lastKnownFileType = text.xcconfig; path = Config/Base.xcconfig; sourceTree = SOURCE_ROOT;};
B28B7AF69320201D1CF206EB = {isa = PBXGroup; children = (FC4A695F02A8A53A129DCB9A, 39FDEC1194D94212B871A28B, 55618DC462BE5B86D1D74772, FBDC4F23F93125BBEEAE800C,); sourceTree = "<group>";};
313F14B9209047EC26948B0C = {isa = PBXShellScriptBuildPhase; buildActionMask = 2147483647; alwaysOutOfDate = 1; files = (); inputPaths = (); outputPaths = (); name = "Bundle local service configuration"; runOnlyForDeploymentPostprocessing = 0; shellPath = /bin/sh; shellScript = "set -eu\n/usr/bin/python3 \"$SRCROOT/Scripts/build_configuration.py\"\n"; showEnvVarsInLog = 0;};
BFD315016DE16320F7E2120C = {isa = XCBuildConfiguration; baseConfigurationReference = 55618DC462BE5B86D1D74772; buildSettings = {SWIFT_VERSION = "5.0";IPHONEOS_DEPLOYMENT_TARGET = "17.0";SDKROOT = "iphoneos";TARGETED_DEVICE_FAMILY = "2";CLANG_ENABLE_MODULES = "YES";ENABLE_USER_SCRIPT_SANDBOXING = "NO";ENABLE_TESTABILITY = "YES";ONLY_ACTIVE_ARCH = "YES";SWIFT_OPTIMIZATION_LEVEL = "-Onone";SWIFT_ACTIVE_COMPILATION_CONDITIONS = "DEBUG";GCC_PREPROCESSOR_DEFINITIONS = "DEBUG=1 $(inherited)";}; name = Debug;};
1D8C0C6B1D22EA8C7669B263 = {isa = XCBuildConfiguration; baseConfigurationReference = 55618DC462BE5B86D1D74772; buildSettings = {SWIFT_VERSION = "5.0";IPHONEOS_DEPLOYMENT_TARGET = "17.0";SDKROOT = "iphoneos";TARGETED_DEVICE_FAMILY = "2";CLANG_ENABLE_MODULES = "YES";ENABLE_USER_SCRIPT_SANDBOXING = "NO";SWIFT_COMPILATION_MODE = "wholemodule";SWIFT_OPTIMIZATION_LEVEL = "-O";}; name = Release;};
128D1971520EF7E0088A5374 = {isa = XCConfigurationList; buildConfigurations = (BFD315016DE16320F7E2120C, 1D8C0C6B1D22EA8C7669B263,); defaultConfigurationIsVisible = 0; defaultConfigurationName = Release;};
3A77CD648711364E9A877D62 = {isa = XCBuildConfiguration;  buildSettings = {SWIFT_VERSION = "5.0";IPHONEOS_DEPLOYMENT_TARGET = "17.0";SDKROOT = "iphoneos";TARGETED_DEVICE_FAMILY = "2";CLANG_ENABLE_MODULES = "YES";ENABLE_USER_SCRIPT_SANDBOXING = "NO";ENABLE_TESTABILITY = "YES";ONLY_ACTIVE_ARCH = "YES";SWIFT_OPTIMIZATION_LEVEL = "-Onone";SWIFT_ACTIVE_COMPILATION_CONDITIONS = "DEBUG";GCC_PREPROCESSOR_DEFINITIONS = "DEBUG=1 $(inherited)";PRODUCT_BUNDLE_IDENTIFIER = "com.jordan.family.ColoringSheets";PRODUCT_NAME = "ColoringSheets";GENERATE_INFOPLIST_FILE = "YES";INFOPLIST_KEY_CFBundleDisplayName = "Coloring Sheets";INFOPLIST_KEY_NSPhotoLibraryAddUsageDescription = "Save coloring sheets to your Photos library.";INFOPLIST_KEY_UILaunchScreen_Generation = "YES";INFOPLIST_KEY_UIApplicationSceneManifest_Generation = "YES";INFOPLIST_KEY_UISupportedInterfaceOrientations_iPad = "UIInterfaceOrientationPortrait UIInterfaceOrientationPortraitUpsideDown UIInterfaceOrientationLandscapeLeft UIInterfaceOrientationLandscapeRight";CODE_SIGN_STYLE = "Automatic";MARKETING_VERSION = "1.0";CURRENT_PROJECT_VERSION = "1";SUPPORTS_MACCATALYST = "NO";SUPPORTS_XR_DESIGNED_FOR_IPHONE_IPAD = "NO";ASSETCATALOG_COMPILER_APPICON_NAME = "AppIcon";}; name = Debug;};
066776A1C212750E8BE506A2 = {isa = XCBuildConfiguration;  buildSettings = {SWIFT_VERSION = "5.0";IPHONEOS_DEPLOYMENT_TARGET = "17.0";SDKROOT = "iphoneos";TARGETED_DEVICE_FAMILY = "2";CLANG_ENABLE_MODULES = "YES";ENABLE_USER_SCRIPT_SANDBOXING = "NO";SWIFT_COMPILATION_MODE = "wholemodule";SWIFT_OPTIMIZATION_LEVEL = "-O";PRODUCT_BUNDLE_IDENTIFIER = "com.jordan.family.ColoringSheets";PRODUCT_NAME = "ColoringSheets";GENERATE_INFOPLIST_FILE = "YES";INFOPLIST_KEY_CFBundleDisplayName = "Coloring Sheets";INFOPLIST_KEY_NSPhotoLibraryAddUsageDescription = "Save coloring sheets to your Photos library.";INFOPLIST_KEY_UILaunchScreen_Generation = "YES";INFOPLIST_KEY_UIApplicationSceneManifest_Generation = "YES";INFOPLIST_KEY_UISupportedInterfaceOrientations_iPad = "UIInterfaceOrientationPortrait UIInterfaceOrientationPortraitUpsideDown UIInterfaceOrientationLandscapeLeft UIInterfaceOrientationLandscapeRight";CODE_SIGN_STYLE = "Automatic";MARKETING_VERSION = "1.0";CURRENT_PROJECT_VERSION = "1";SUPPORTS_MACCATALYST = "NO";SUPPORTS_XR_DESIGNED_FOR_IPHONE_IPAD = "NO";ASSETCATALOG_COMPILER_APPICON_NAME = "AppIcon";COLORING_MODE = "live";}; name = Release;};
046283114E769766CD918828 = {isa = XCConfigurationList; buildConfigurations = (3A77CD648711364E9A877D62, 066776A1C212750E8BE506A2,); defaultConfigurationIsVisible = 0; defaultConfigurationName = Release;};
34BE6D4215B8B1C254345416 = {isa = XCBuildConfiguration;  buildSettings = {SWIFT_VERSION = "5.0";IPHONEOS_DEPLOYMENT_TARGET = "17.0";SDKROOT = "iphoneos";TARGETED_DEVICE_FAMILY = "2";CLANG_ENABLE_MODULES = "YES";ENABLE_USER_SCRIPT_SANDBOXING = "NO";ENABLE_TESTABILITY = "YES";ONLY_ACTIVE_ARCH = "YES";SWIFT_OPTIMIZATION_LEVEL = "-Onone";SWIFT_ACTIVE_COMPILATION_CONDITIONS = "DEBUG";GCC_PREPROCESSOR_DEFINITIONS = "DEBUG=1 $(inherited)";PRODUCT_BUNDLE_IDENTIFIER = "com.jordan.family.ColoringSheetsTests";PRODUCT_NAME = "$(TARGET_NAME)";GENERATE_INFOPLIST_FILE = "YES";TEST_HOST = "$(BUILT_PRODUCTS_DIR)/ColoringSheets.app/ColoringSheets";BUNDLE_LOADER = "$(TEST_HOST)";CODE_SIGN_STYLE = "Automatic";}; name = Debug;};
FADCA9E4220DCCB4910052B3 = {isa = XCBuildConfiguration;  buildSettings = {SWIFT_VERSION = "5.0";IPHONEOS_DEPLOYMENT_TARGET = "17.0";SDKROOT = "iphoneos";TARGETED_DEVICE_FAMILY = "2";CLANG_ENABLE_MODULES = "YES";ENABLE_USER_SCRIPT_SANDBOXING = "NO";SWIFT_COMPILATION_MODE = "wholemodule";SWIFT_OPTIMIZATION_LEVEL = "-O";PRODUCT_BUNDLE_IDENTIFIER = "com.jordan.family.ColoringSheetsTests";PRODUCT_NAME = "$(TARGET_NAME)";GENERATE_INFOPLIST_FILE = "YES";TEST_HOST = "$(BUILT_PRODUCTS_DIR)/ColoringSheets.app/ColoringSheets";BUNDLE_LOADER = "$(TEST_HOST)";CODE_SIGN_STYLE = "Automatic";}; name = Release;};
6CA5BF8403D548C411DAAF4A = {isa = XCConfigurationList; buildConfigurations = (34BE6D4215B8B1C254345416, FADCA9E4220DCCB4910052B3,); defaultConfigurationIsVisible = 0; defaultConfigurationName = Release;};
D799BAE6088A90139B415FCC = {isa = PBXContainerItemProxy; containerPortal = 98F54143AB4E86B28C3AFEE0; proxyType = 1; remoteGlobalIDString = C13732C8E715C9BEE4FA51C9; remoteInfo = ColoringSheets;};
DE58E2B17C19600779694943 = {isa = PBXTargetDependency; target = C13732C8E715C9BEE4FA51C9; targetProxy = D799BAE6088A90139B415FCC;};
C13732C8E715C9BEE4FA51C9 = {isa = PBXNativeTarget; buildConfigurationList = 046283114E769766CD918828; buildPhases = (04D687DD49DEA6F33518F80D, AC1DA45BD55B6609C6C2EB58, 313F14B9209047EC26948B0C,); buildRules = (); dependencies = (); name = ColoringSheets; productName = ColoringSheets; productReference = 8BCD5BC4CDFDF0918087C782; productType = "com.apple.product-type.application";};
64BCB755386F844C96A2A5B0 = {isa = PBXNativeTarget; buildConfigurationList = 6CA5BF8403D548C411DAAF4A; buildPhases = (2251F79CE8CE79DDA18CF73E,); buildRules = (); dependencies = (DE58E2B17C19600779694943,); name = ColoringSheetsTests; productName = ColoringSheetsTests; productReference = F219C0274590DA45E4BEF1EA; productType = "com.apple.product-type.bundle.unit-test";};
98F54143AB4E86B28C3AFEE0 = {isa = PBXProject; attributes = {BuildIndependentTargetsInParallel = YES; LastUpgradeCheck = 2700;}; buildConfigurationList = 128D1971520EF7E0088A5374; compatibilityVersion = "Xcode 14.0"; developmentRegion = en; knownRegions = (en, Base); mainGroup = B28B7AF69320201D1CF206EB; productRefGroup = FBDC4F23F93125BBEEAE800C; projectDirPath = ""; projectRoot = ""; targets = (C13732C8E715C9BEE4FA51C9, 64BCB755386F844C96A2A5B0,);};
}; rootObject = 98F54143AB4E86B28C3AFEE0;}
